// !$*UTF8*$!
{
	archiveVersion = 1;
	classes = {
	};
	objectVersion = 56;
	objects = {

/* Begin PBXBuildFile section */
		20FFD2ED2A37EE24008D80B7 /* iBudgetApp.swift in Sources */ = {isa = PBXBuildFile; fileRef = 20FFD2EC2A37EE24008D80B7 /* iBudgetApp.swift */; };
		20FFD2EF2A37EE24008D80B7 /* ContentView.swift in Sources */ = {isa = PBXBuildFile; fileRef = 20FFD2EE2A37EE24008D80B7 /* ContentView.swift */; };
		20FFD2F12A37EE25008D80B7 /* Assets.xcassets in Resources */ = {isa = PBXBuildFile; fileRef = 20FFD2F02A37EE25008D80B7 /* Assets.xcassets */; };
		20FFD2F42A37EE25008D80B7 /* Preview Assets.xcassets in Resources */ = {isa = PBXBuildFile; fileRef = 20FFD2F32A37EE25008D80B7 /* Preview Assets.xcassets */; };
		EA1AD5B52A3CB3E900A595FD /* Planner.xcdatamodeld in Sources */ = {isa = PBXBuildFile; fileRef = EA1AD5B32A3CB3E900A595FD /* Planner.xcdatamodeld */; };
		EA918DD12A3BC66C00909E33 /* TipsBudget.swift in Sources */ = {isa = PBXBuildFile; fileRef = EA918DCA2A3BC66C00909E33 /* TipsBudget.swift */; };
		EA918DD22A3BC66C00909E33 /* TipsInvest.swift in Sources */ = {isa = PBXBuildFile; fileRef = EA918DCB2A3BC66C00909E33 /* TipsInvest.swift */; };
		EA918DD32A3BC66C00909E33 /* TipsBanks.swift in Sources */ = {isa = PBXBuildFile; fileRef = EA918DCC2A3BC66C00909E33 /* TipsBanks.swift */; };
		EA918DD42A3BC66C00909E33 /* TipsBasics.swift in Sources */ = {isa = PBXBuildFile; fileRef = EA918DCD2A3BC66C00909E33 /* TipsBasics.swift */; };
		EA918DD52A3BC66C00909E33 /* TipsCards.swift in Sources */ = {isa = PBXBuildFile; fileRef = EA918DCE2A3BC66C00909E33 /* TipsCards.swift */; };
		EA918DD62A3BC66C00909E33 /* Quiz.swift in Sources */ = {isa = PBXBuildFile; fileRef = EA918DCF2A3BC66C00909E33 /* Quiz.swift */; };
		EA918DD72A3BC66C00909E33 /* Tips.swift in Sources */ = {isa = PBXBuildFile; fileRef = EA918DD02A3BC66C00909E33 /* Tips.swift */; };
		EA918DE62A3BCE5C00909E33 /* Planner.swift in Sources */ = {isa = PBXBuildFile; fileRef = EA918DE52A3BCE5C00909E33 /* Planner.swift */; };
		EACF2C2B2A3B684E00E5CD6C /* NewMoneyView.swift in Sources */ = {isa = PBXBuildFile; fileRef = EACF2C2A2A3B684E00E5CD6C /* NewMoneyView.swift */; };
		EACF2C2D2A3B690700E5CD6C /* Entries.swift in Sources */ = {isa = PBXBuildFile; fileRef = EACF2C2C2A3B690700E5CD6C /* Entries.swift */; };
		EACF2C2F2A3B69CC00E5CD6C /* Persistence.swift in Sources */ = {isa = PBXBuildFile; fileRef = EACF2C2E2A3B69CC00E5CD6C /* Persistence.swift */; };
		EACF2C322A3B69DA00E5CD6C /* tracker.xcdatamodeld in Sources */ = {isa = PBXBuildFile; fileRef = EACF2C302A3B69DA00E5CD6C /* tracker.xcdatamodeld */; };
		EAF381922A3A25F500FFFD8C /* Tracker.swift in Sources */ = {isa = PBXBuildFile; fileRef = EAF381912A3A25F500FFFD8C /* Tracker.swift */; };
		EAF381942A3A260500FFFD8C /* Calculator.swift in Sources */ = {isa = PBXBuildFile; fileRef = EAF381932A3A260500FFFD8C /* Calculator.swift */; };
		EAF381982A3A262600FFFD8C /* HomePage.swift in Sources */ = {isa = PBXBuildFile; fileRef = EAF381972A3A262600FFFD8C /* HomePage.swift */; };
		EAF3819C2A3A45B800FFFD8C /* Test.swift in Sources */ = {isa = PBXBuildFile; fileRef = EAF3819B2A3A45B800FFFD8C /* Test.swift */; };
		EAF3819E2A3A45FA00FFFD8C /* ToolBar.swift in Sources */ = {isa = PBXBuildFile; fileRef = EAF3819D2A3A45FA00FFFD8C /* ToolBar.swift */; };
/* End PBXBuildFile section */

/* Begin PBXFileReference section */
		20FFD2E92A37EE24008D80B7 /* iBudget.app */ = {isa = PBXFileReference; explicitFileType = wrapper.application; includeInIndex = 0; path = iBudget.app; sourceTree = BUILT_PRODUCTS_DIR; };
		20FFD2EC2A37EE24008D80B7 /* iBudgetApp.swift */ = {isa = PBXFileReference; lastKnownFileType = sourcecode.swift; path = iBudgetApp.swift; sourceTree = "<group>"; };
		20FFD2EE2A37EE24008D80B7 /* ContentView.swift */ = {isa = PBXFileReference; lastKnownFileType = sourcecode.swift; path = ContentView.swift; sourceTree = "<group>"; };
		20FFD2F02A37EE25008D80B7 /* Assets.xcassets */ = {isa = PBXFileReference; lastKnownFileType = folder.assetcatalog; path = Assets.xcassets; sourceTree = "<group>"; };
		20FFD2F32A37EE25008D80B7 /* Preview Assets.xcassets */ = {isa = PBXFileReference; lastKnownFileType = folder.assetcatalog; path = "Preview Assets.xcassets"; sourceTree = "<group>"; };
		EA1AD5B42A3CB3E900A595FD /* Planner.xcdatamodel */ = {isa = PBXFileReference; lastKnownFileType = wrapper.xcdatamodel; path = Planner.xcdatamodel; sourceTree = "<group>"; };
		EA918DCA2A3BC66C00909E33 /* TipsBudget.swift */ = {isa = PBXFileReference; fileEncoding = 4; lastKnownFileType = sourcecode.swift; path = TipsBudget.swift; sourceTree = "<group>"; };
		EA918DCB2A3BC66C00909E33 /* TipsInvest.swift */ = {isa = PBXFileReference; fileEncoding = 4; lastKnownFileType = sourcecode.swift; path = TipsInvest.swift; sourceTree = "<group>"; };
		EA918DCC2A3BC66C00909E33 /* TipsBanks.swift */ = {isa = PBXFileReference; fileEncoding = 4; lastKnownFileType = sourcecode.swift; path = TipsBanks.swift; sourceTree = "<group>"; };
		EA918DCD2A3BC66C00909E33 /* TipsBasics.swift */ = {isa = PBXFileReference; fileEncoding = 4; lastKnownFileType = sourcecode.swift; path = TipsBasics.swift; sourceTree = "<group>"; };
		EA918DCE2A3BC66C00909E33 /* TipsCards.swift */ = {isa = PBXFileReference; fileEncoding = 4; lastKnownFileType = sourcecode.swift; path = TipsCards.swift; sourceTree = "<group>"; };
		EA918DCF2A3BC66C00909E33 /* Quiz.swift */ = {isa = PBXFileReference; fileEncoding = 4; lastKnownFileType = sourcecode.swift; path = Quiz.swift; sourceTree = "<group>"; };
		EA918DD02A3BC66C00909E33 /* Tips.swift */ = {isa = PBXFileReference; fileEncoding = 4; lastKnownFileType = sourcecode.swift; path = Tips.swift; sourceTree = "<group>"; };
		EA918DE52A3BCE5C00909E33 /* Planner.swift */ = {isa = PBXFileReference; lastKnownFileType = sourcecode.swift; path = Planner.swift; sourceTree = "<group>"; };
		EACF2C2A2A3B684E00E5CD6C /* NewMoneyView.swift */ = {isa = PBXFileReference; lastKnownFileType = sourcecode.swift; path = NewMoneyView.swift; sourceTree = "<group>"; };
		EACF2C2C2A3B690700E5CD6C /* Entries.swift */ = {isa = PBXFileReference; lastKnownFileType = sourcecode.swift; path = Entries.swift; sourceTree = "<group>"; };
		EACF2C2E2A3B69CC00E5CD6C /* Persistence.swift */ = {isa = PBXFileReference; fileEncoding = 4; lastKnownFileType = sourcecode.swift; path = Persistence.swift; sourceTree = "<group>"; };
		EACF2C312A3B69DA00E5CD6C /* tracker.xcdatamodel */ = {isa = PBXFileReference; lastKnownFileType = wrapper.xcdatamodel; path = tracker.xcdatamodel; sourceTree = "<group>"; };
		EACF2C352A3B958100E5CD6C /* Info.plist */ = {isa = PBXFileReference; lastKnownFileType = text.plist; path = Info.plist; sourceTree = "<group>"; };
		EAF381912A3A25F500FFFD8C /* Tracker.swift */ = {isa = PBXFileReference; lastKnownFileType = sourcecode.swift; path = Tracker.swift; sourceTree = "<group>"; };
		EAF381932A3A260500FFFD8C /* Calculator.swift */ = {isa = PBXFileReference; lastKnownFileType = sourcecode.swift; path = Calculator.swift; sourceTree = "<group>"; };
		EAF381972A3A262600FFFD8C /* HomePage.swift */ = {isa = PBXFileReference; lastKnownFileType = sourcecode.swift; path = HomePage.swift; sourceTree = "<group>"; };
		EAF3819B2A3A45B800FFFD8C /* Test.swift */ = {isa = PBXFileReference; lastKnownFileType = sourcecode.swift; path = Test.swift; sourceTree = "<group>"; };
		EAF3819D2A3A45FA00FFFD8C /* ToolBar.swift */ = {isa = PBXFileReference; lastKnownFileType = sourcecode.swift; path = ToolBar.swift; sourceTree = "<group>"; };
/* End PBXFileReference section */

/* Begin PBXFrameworksBuildPhase section */
		20FFD2E62A37EE24008D80B7 /* Frameworks */ = {
			isa = PBXFrameworksBuildPhase;
			buildActionMask = 2147483647;
			files = (
			);
			runOnlyForDeploymentPostprocessing = 0;
		};
/* End PBXFrameworksBuildPhase section */

/* Begin PBXGroup section */
		20FFD2E02A37EE24008D80B7 = {
			isa = PBXGroup;
			children = (
				20FFD2EB2A37EE24008D80B7 /* iBudget */,
				20FFD2EA2A37EE24008D80B7 /* Products */,
			);
			sourceTree = "<group>";
		};
		20FFD2EA2A37EE24008D80B7 /* Products */ = {
			isa = PBXGroup;
			children = (
				20FFD2E92A37EE24008D80B7 /* iBudget.app */,
			);
			name = Products;
			sourceTree = "<group>";
		};
		20FFD2EB2A37EE24008D80B7 /* iBudget */ = {
			isa = PBXGroup;
			children = (
				EACF2C352A3B958100E5CD6C /* Info.plist */,
				EAF3818E2A3A25DA00FFFD8C /* Views */,
				20FFD2EC2A37EE24008D80B7 /* iBudgetApp.swift */,
				EA918DE52A3BCE5C00909E33 /* Planner.swift */,
				20FFD2EE2A37EE24008D80B7 /* ContentView.swift */,
				EAF3819B2A3A45B800FFFD8C /* Test.swift */,
				EAF3819D2A3A45FA00FFFD8C /* ToolBar.swift */,
				20FFD2F02A37EE25008D80B7 /* Assets.xcassets */,
				20FFD2F22A37EE25008D80B7 /* Preview Content */,
			);
			path = iBudget;
			sourceTree = "<group>";
		};
		20FFD2F22A37EE25008D80B7 /* Preview Content */ = {
			isa = PBXGroup;
			children = (
				EACF2C302A3B69DA00E5CD6C /* tracker.xcdatamodeld */,
				EA1AD5B32A3CB3E900A595FD /* Planner.xcdatamodeld */,
				20FFD2F32A37EE25008D80B7 /* Preview Assets.xcassets */,
			);
			path = "Preview Content";
			sourceTree = "<group>";
		};
		EA918DC92A3BC62300909E33 /* Tips */ = {
			isa = PBXGroup;
			children = (
				EA918DCF2A3BC66C00909E33 /* Quiz.swift */,
				EA918DD02A3BC66C00909E33 /* Tips.swift */,
				EA918DCC2A3BC66C00909E33 /* TipsBanks.swift */,
				EA918DCD2A3BC66C00909E33 /* TipsBasics.swift */,
				EA918DCA2A3BC66C00909E33 /* TipsBudget.swift */,
				EA918DCE2A3BC66C00909E33 /* TipsCards.swift */,
				EA918DCB2A3BC66C00909E33 /* TipsInvest.swift */,
			);
			path = Tips;
			sourceTree = "<group>";
		};
		EACF2C292A3B673E00E5CD6C /* Tracker  */ = {
			isa = PBXGroup;
			children = (
				EAF381912A3A25F500FFFD8C /* Tracker.swift */,
				EACF2C2E2A3B69CC00E5CD6C /* Persistence.swift */,
				EACF2C2A2A3B684E00E5CD6C /* NewMoneyView.swift */,
				EACF2C2C2A3B690700E5CD6C /* Entries.swift */,
			);
			path = "Tracker ";
			sourceTree = "<group>";
		};
		EAF3818E2A3A25DA00FFFD8C /* Views */ = {
			isa = PBXGroup;
			children = (
				EA918DC92A3BC62300909E33 /* Tips */,
				EACF2C292A3B673E00E5CD6C /* Tracker  */,
				EAF381932A3A260500FFFD8C /* Calculator.swift */,
				EAF381972A3A262600FFFD8C /* HomePage.swift */,
			);
			path = Views;
			sourceTree = "<group>";
		};
/* End PBXGroup section */

/* Begin PBXNativeTarget section */
		20FFD2E82A37EE24008D80B7 /* iBudget */ = {
			isa = PBXNativeTarget;
			buildConfigurationList = 20FFD2F72A37EE25008D80B7 /* Build configuration list for PBXNativeTarget "iBudget" */;
			buildPhases = (
				20FFD2E52A37EE24008D80B7 /* Sources */,
				20FFD2E62A37EE24008D80B7 /* Frameworks */,
				20FFD2E72A37EE24008D80B7 /* Resources */,
			);
			buildRules = (
			);
			dependencies = (
			);
			name = iBudget;
			productName = iBudget;
			productReference = 20FFD2E92A37EE24008D80B7 /* iBudget.app */;
			productType = "com.apple.product-type.application";
		};
/* End PBXNativeTarget section */

/* Begin PBXProject section */
		20FFD2E12A37EE24008D80B7 /* Project object */ = {
			isa = PBXProject;
			attributes = {
				BuildIndependentTargetsInParallel = 1;
				LastSwiftUpdateCheck = 1430;
				LastUpgradeCheck = 1430;
				TargetAttributes = {
					20FFD2E82A37EE24008D80B7 = {
						CreatedOnToolsVersion = 14.3;
					};
				};
			};
			buildConfigurationList = 20FFD2E42A37EE24008D80B7 /* Build configuration list for PBXProject "iBudget" */;
			compatibilityVersion = "Xcode 14.0";
			developmentRegion = en;
			hasScannedForEncodings = 0;
			knownRegions = (
				en,
				Base,
			);
			mainGroup = 20FFD2E02A37EE24008D80B7;
			productRefGroup = 20FFD2EA2A37EE24008D80B7 /* Products */;
			projectDirPath = "";
			projectRoot = "";
			targets = (
				20FFD2E82A37EE24008D80B7 /* iBudget */,
			);
		};
/* End PBXProject section */

/* Begin PBXResourcesBuildPhase section */
		20FFD2E72A37EE24008D80B7 /* Resources */ = {
			isa = PBXResourcesBuildPhase;
			buildActionMask = 2147483647;
			files = (
				20FFD2F42A37EE25008D80B7 /* Preview Assets.xcassets in Resources */,
				20FFD2F12A37EE25008D80B7 /* Assets.xcassets in Resources */,
			);
			runOnlyForDeploymentPostprocessing = 0;
		};
/* End PBXResourcesBuildPhase section */

/* Begin PBXSourcesBuildPhase section */
		20FFD2E52A37EE24008D80B7 /* Sources */ = {
			isa = PBXSourcesBuildPhase;
			buildActionMask = 2147483647;
			files = (
				EA918DD12A3BC66C00909E33 /* TipsBudget.swift in Sources */,
				EAF3819E2A3A45FA00FFFD8C /* ToolBar.swift in Sources */,
				EAF381922A3A25F500FFFD8C /* Tracker.swift in Sources */,
				20FFD2EF2A37EE24008D80B7 /* ContentView.swift in Sources */,
				EA918DD22A3BC66C00909E33 /* TipsInvest.swift in Sources */,
				EACF2C322A3B69DA00E5CD6C /* tracker.xcdatamodeld in Sources */,
				EA918DD62A3BC66C00909E33 /* Quiz.swift in Sources */,
				20FFD2ED2A37EE24008D80B7 /* iBudgetApp.swift in Sources */,
				EA918DD32A3BC66C00909E33 /* TipsBanks.swift in Sources */,
				EAF381942A3A260500FFFD8C /* Calculator.swift in Sources */,
				EA918DD72A3BC66C00909E33 /* Tips.swift in Sources */,
				EAF3819C2A3A45B800FFFD8C /* Test.swift in Sources */,
				EACF2C2D2A3B690700E5CD6C /* Entries.swift in Sources */,
				EA918DD52A3BC66C00909E33 /* TipsCards.swift in Sources */,
				EAF381982A3A262600FFFD8C /* HomePage.swift in Sources */,
				EA918DE62A3BCE5C00909E33 /* Planner.swift in Sources */,
				EA1AD5B52A3CB3E900A595FD /* Planner.xcdatamodeld in Sources */,
				EACF2C2F2A3B69CC00E5CD6C /* Persistence.swift in Sources */,
				EACF2C2B2A3B684E00E5CD6C /* NewMoneyView.swift in Sources */,
				EA918DD42A3BC66C00909E33 /* TipsBasics.swift in Sources */,
			);
			runOnlyForDeploymentPostprocessing = 0;
		};
/* End PBXSourcesBuildPhase section */

/* Begin XCBuildConfiguration section */
		20FFD2F52A37EE25008D80B7 /* Debug */ = {
			isa = XCBuildConfiguration;
			buildSettings = {
				ALWAYS_SEARCH_USER_PATHS = NO;
				CLANG_ANALYZER_NONNULL = YES;
				CLANG_ANALYZER_NUMBER_OBJECT_CONVERSION = YES_AGGRESSIVE;
				CLANG_CXX_LANGUAGE_STANDARD = "gnu++20";
				CLANG_ENABLE_MODULES = YES;
				CLANG_ENABLE_OBJC_ARC = YES;
				CLANG_ENABLE_OBJC_WEAK = YES;
				CLANG_WARN_BLOCK_CAPTURE_AUTORELEASING = YES;
				CLANG_WARN_BOOL_CONVERSION = YES;
				CLANG_WARN_COMMA = YES;
				CLANG_WARN_CONSTANT_CONVERSION = YES;
				CLANG_WARN_DEPRECATED_OBJC_IMPLEMENTATIONS = YES;
				CLANG_WARN_DIRECT_OBJC_ISA_USAGE = YES_ERROR;
				CLANG_WARN_DOCUMENTATION_COMMENTS = YES;
				CLANG_WARN_EMPTY_BODY = YES;
				CLANG_WARN_ENUM_CONVERSION = YES;
				CLANG_WARN_INFINITE_RECURSION = YES;
				CLANG_WARN_INT_CONVERSION = YES;
				CLANG_WARN_NON_LITERAL_NULL_CONVERSION = YES;
				CLANG_WARN_OBJC_IMPLICIT_RETAIN_SELF = YES;
				CLANG_WARN_OBJC_LITERAL_CONVERSION = YES;
				CLANG_WARN_OBJC_ROOT_CLASS = YES_ERROR;
				CLANG_WARN_QUOTED_INCLUDE_IN_FRAMEWORK_HEADER = YES;
				CLANG_WARN_RANGE_LOOP_ANALYSIS = YES;
				CLANG_WARN_STRICT_PROTOTYPES = YES;
				CLANG_WARN_SUSPICIOUS_MOVE = YES;
				CLANG_WARN_UNGUARDED_AVAILABILITY = YES_AGGRESSIVE;
				CLANG_WARN_UNREACHABLE_CODE = YES;
				CLANG_WARN__DUPLICATE_METHOD_MATCH = YES;
				COPY_PHASE_STRIP = NO;
				DEBUG_INFORMATION_FORMAT = dwarf;
				ENABLE_STRICT_OBJC_MSGSEND = YES;
				ENABLE_TESTABILITY = YES;
				GCC_C_LANGUAGE_STANDARD = gnu11;
				GCC_DYNAMIC_NO_PIC = NO;
				GCC_NO_COMMON_BLOCKS = YES;
				GCC_OPTIMIZATION_LEVEL = 0;
				GCC_PREPROCESSOR_DEFINITIONS = (
					"DEBUG=1",
					"$(inherited)",
				);
				GCC_WARN_64_TO_32_BIT_CONVERSION = YES;
				GCC_WARN_ABOUT_RETURN_TYPE = YES_ERROR;
				GCC_WARN_UNDECLARED_SELECTOR = YES;
				GCC_WARN_UNINITIALIZED_AUTOS = YES_AGGRESSIVE;
				GCC_WARN_UNUSED_FUNCTION = YES;
				GCC_WARN_UNUSED_VARIABLE = YES;
				IPHONEOS_DEPLOYMENT_TARGET = 16.4;
				MTL_ENABLE_DEBUG_INFO = INCLUDE_SOURCE;
				MTL_FAST_MATH = YES;
				ONLY_ACTIVE_ARCH = YES;
				SDKROOT = iphoneos;
				SWIFT_ACTIVE_COMPILATION_CONDITIONS = DEBUG;
				SWIFT_OPTIMIZATION_LEVEL = "-Onone";
			};
			name = Debug;
		};
		20FFD2F62A37EE25008D80B7 /* Release */ = {
			isa = XCBuildConfiguration;
			buildSettings = {
				ALWAYS_SEARCH_USER_PATHS = NO;
				CLANG_ANALYZER_NONNULL = YES;
				CLANG_ANALYZER_NUMBER_OBJECT_CONVERSION = YES_AGGRESSIVE;
				CLANG_CXX_LANGUAGE_STANDARD = "gnu++20";
				CLANG_ENABLE_MODULES = YES;
				CLANG_ENABLE_OBJC_ARC = YES;
				CLANG_ENABLE_OBJC_WEAK = YES;
				CLANG_WARN_BLOCK_CAPTURE_AUTORELEASING = YES;
				CLANG_WARN_BOOL_CONVERSION = YES;
				CLANG_WARN_COMMA = YES;
				CLANG_WARN_CONSTANT_CONVERSION = YES;
				CLANG_WARN_DEPRECATED_OBJC_IMPLEMENTATIONS = YES;
				CLANG_WARN_DIRECT_OBJC_ISA_USAGE = YES_ERROR;
				CLANG_WARN_DOCUMENTATION_COMMENTS = YES;
				CLANG_WARN_EMPTY_BODY = YES;
				CLANG_WARN_ENUM_CONVERSION = YES;
				CLANG_WARN_INFINITE_RECURSION = YES;
				CLANG_WARN_INT_CONVERSION = YES;
				CLANG_WARN_NON_LITERAL_NULL_CONVERSION = YES;
				CLANG_WARN_OBJC_IMPLICIT_RETAIN_SELF = YES;
				CLANG_WARN_OBJC_LITERAL_CONVERSION = YES;
				CLANG_WARN_OBJC_ROOT_CLASS = YES_ERROR;
				CLANG_WARN_QUOTED_INCLUDE_IN_FRAMEWORK_HEADER = YES;
				CLANG_WARN_RANGE_LOOP_ANALYSIS = YES;
				CLANG_WARN_STRICT_PROTOTYPES = YES;
				CLANG_WARN_SUSPICIOUS_MOVE = YES;
				CLANG_WARN_UNGUARDED_AVAILABILITY = YES_AGGRESSIVE;
				CLANG_WARN_UNREACHABLE_CODE = YES;
				CLANG_WARN__DUPLICATE_METHOD_MATCH = YES;
				COPY_PHASE_STRIP = NO;
				DEBUG_INFORMATION_FORMAT = "dwarf-with-dsym";
				ENABLE_NS_ASSERTIONS = NO;
				ENABLE_STRICT_OBJC_MSGSEND = YES;
				GCC_C_LANGUAGE_STANDARD = gnu11;
				GCC_NO_COMMON_BLOCKS = YES;
				GCC_WARN_64_TO_32_BIT_CONVERSION = YES;
				GCC_WARN_ABOUT_RETURN_TYPE = YES_ERROR;
				GCC_WARN_UNDECLARED_SELECTOR = YES;
				GCC_WARN_UNINITIALIZED_AUTOS = YES_AGGRESSIVE;
				GCC_WARN_UNUSED_FUNCTION = YES;
				GCC_WARN_UNUSED_VARIABLE = YES;
				IPHONEOS_DEPLOYMENT_TARGET = 16.4;
				MTL_ENABLE_DEBUG_INFO = NO;
				MTL_FAST_MATH = YES;
				SDKROOT = iphoneos;
				SWIFT_COMPILATION_MODE = wholemodule;
				SWIFT_OPTIMIZATION_LEVEL = "-O";
				VALIDATE_PRODUCT = YES;
			};
			name = Release;
		};
		20FFD2F82A37EE25008D80B7 /* Debug */ = {
			isa = XCBuildConfiguration;
			buildSettings = {
				ASSETCATALOG_COMPILER_APPICON_NAME = AppIcon;
				ASSETCATALOG_COMPILER_GLOBAL_ACCENT_COLOR_NAME = AccentColor;
				CODE_SIGN_STYLE = Automatic;
				CURRENT_PROJECT_VERSION = 1;
				DEVELOPMENT_ASSET_PATHS = "\"iBudget/Preview Content\"";
				DEVELOPMENT_TEAM = 4FT38P4D49;
				ENABLE_PREVIEWS = YES;
				GENERATE_INFOPLIST_FILE = YES;
				INFOPLIST_FILE = iBudget/Info.plist;
				INFOPLIST_KEY_UIApplicationSceneManifest_Generation = YES;
				INFOPLIST_KEY_UIApplicationSupportsIndirectInputEvents = YES;
				INFOPLIST_KEY_UISupportedInterfaceOrientations_iPad = "UIInterfaceOrientationPortrait UIInterfaceOrientationPortraitUpsideDown UIInterfaceOrientationLandscapeLeft UIInterfaceOrientationLandscapeRight";
				INFOPLIST_KEY_UISupportedInterfaceOrientations_iPhone = "UIInterfaceOrientationPortrait UIInterfaceOrientationLandscapeLeft UIInterfaceOrientationLandscapeRight";
				LD_RUNPATH_SEARCH_PATHS = (
					"$(inherited)",
					"@executable_path/Frameworks",
				);
				MARKETING_VERSION = 1.0;
				PRODUCT_BUNDLE_IDENTIFIER = KWK.iBudget;
				PRODUCT_NAME = "$(TARGET_NAME)";
				SWIFT_EMIT_LOC_STRINGS = YES;
				SWIFT_VERSION = 5.0;
				TARGETED_DEVICE_FAMILY = "1,2";
			};
			name = Debug;
		};
		20FFD2F92A37EE25008D80B7 /* Release */ = {
			isa = XCBuildConfiguration;
			buildSettings = {
				ASSETCATALOG_COMPILER_APPICON_NAME = AppIcon;
				ASSETCATALOG_COMPILER_GLOBAL_ACCENT_COLOR_NAME = AccentColor;
				CODE_SIGN_STYLE = Automatic;
				CURRENT_PROJECT_VERSION = 1;
				DEVELOPMENT_ASSET_PATHS = "\"iBudget/Preview Content\"";
				DEVELOPMENT_TEAM = 4FT38P4D49;
				ENABLE_PREVIEWS = YES;
				GENERATE_INFOPLIST_FILE = YES;
				INFOPLIST_FILE = iBudget/Info.plist;
				INFOPLIST_KEY_UIApplicationSceneManifest_Generation = YES;
				INFOPLIST_KEY_UIApplicationSupportsIndirectInputEvents = YES;
				INFOPLIST_KEY_UISupportedInterfaceOrientations_iPad = "UIInterfaceOrientationPortrait UIInterfaceOrientationPortraitUpsideDown UIInterfaceOrientationLandscapeLeft UIInterfaceOrientationLandscapeRight";
				INFOPLIST_KEY_UISupportedInterfaceOrientations_iPhone = "UIInterfaceOrientationPortrait UIInterfaceOrientationLandscapeLeft UIInterfaceOrientationLandscapeRight";
				LD_RUNPATH_SEARCH_PATHS = (
					"$(inherited)",
					"@executable_path/Frameworks",
				);
				MARKETING_VERSION = 1.0;
				PRODUCT_BUNDLE_IDENTIFIER = KWK.iBudget;
				PRODUCT_NAME = "$(TARGET_NAME)";
				SWIFT_EMIT_LOC_STRINGS = YES;
				SWIFT_VERSION = 5.0;
				TARGETED_DEVICE_FAMILY = "1,2";
			};
			name = Release;
		};
/* End XCBuildConfiguration section */

/* Begin XCConfigurationList section */
		20FFD2E42A37EE24008D80B7 /* Build configuration list for PBXProject "iBudget" */ = {
			isa = XCConfigurationList;
			buildConfigurations = (
				20FFD2F52A37EE25008D80B7 /* Debug */,
				20FFD2F62A37EE25008D80B7 /* Release */,
			);
			defaultConfigurationIsVisible = 0;
			defaultConfigurationName = Release;
		};
		20FFD2F72A37EE25008D80B7 /* Build configuration list for PBXNativeTarget "iBudget" */ = {
			isa = XCConfigurationList;
			buildConfigurations = (
				20FFD2F82A37EE25008D80B7 /* Debug */,
				20FFD2F92A37EE25008D80B7 /* Release */,
			);
			defaultConfigurationIsVisible = 0;
			defaultConfigurationName = Release;
		};
/* End XCConfigurationList section */

/* Begin XCVersionGroup section */
		EA1AD5B32A3CB3E900A595FD /* Planner.xcdatamodeld */ = {
			isa = XCVersionGroup;
			children = (
				EA1AD5B42A3CB3E900A595FD /* Planner.xcdatamodel */,
			);
			currentVersion = EA1AD5B42A3CB3E900A595FD /* Planner.xcdatamodel */;
			path = Planner.xcdatamodeld;
			sourceTree = "<group>";
			versionGroupType = wrapper.xcdatamodel;
		};
		EACF2C302A3B69DA00E5CD6C /* tracker.xcdatamodeld */ = {
			isa = XCVersionGroup;
			children = (
				EACF2C312A3B69DA00E5CD6C /* tracker.xcdatamodel */,
			);
			currentVersion = EACF2C312A3B69DA00E5CD6C /* tracker.xcdatamodel */;
			path = tracker.xcdatamodeld;
			sourceTree = "<group>";
			versionGroupType = wrapper.xcdatamodel;
		};
/* End XCVersionGroup section */
	};
	rootObject = 20FFD2E12A37EE24008D80B7 /* Project object */;
}
